
Microsoft Visual Studio Solution File, Format Version 12.00
# Visual Studio 2015
Project("{FAE04EC0-301F-11D3-BF4B-00C04F79EFBC}") = "RaB.CSharp", "RaB.CSharp.csproj", "{15A89B22-1297-3FF1-390F-E78E6C13FEE7}"
EndProject
Global
	GlobalSection(SolutionConfigurationPlatforms) = preSolution
		Debug|Any CPU = Debug|Any CPU
		Release|Any CPU = Release|Any CPU
	EndGlobalSection
	GlobalSection(ProjectConfigurationPlatforms) = postSolution
		{15A89B22-1297-3FF1-390F-E78E6C13FEE7}.Debug|Any CPU.ActiveCfg = Debug|Any CPU
		{15A89B22-1297-3FF1-390F-E78E6C13FEE7}.Debug|Any CPU.Build.0 = Debug|Any CPU
		{15A89B22-1297-3FF1-390F-E78E6C13FEE7}.Release|Any CPU.ActiveCfg = Release|Any CPU
		{15A89B22-1297-3FF1-390F-E78E6C13FEE7}.Release|Any CPU.Build.0 = Release|Any CPU
	EndGlobalSection
	GlobalSection(SolutionProperties) = preSolution
		HideSolutionNode = FALSE
	EndGlobalSection
EndGlobal
